// !$*UTF8*$!
{
	archiveVersion = 1;
	classes = {
	};
	objectVersion = 50;
	objects = {

/* Begin PBXBuildFile section */
		74A1ACD6220B7322006C8836 /* CollectionCell.swift in Sources */ = {isa = PBXBuildFile; fileRef = 74A1ACD5220B7322006C8836 /* CollectionCell.swift */; };
		74A1ACD7220B7322006C8836 /* CollectionCell.swift in Sources */ = {isa = PBXBuildFile; fileRef = 74A1ACD5220B7322006C8836 /* CollectionCell.swift */; };
		74C5F7AD22041ACF007CA020 /* AppDelegate.swift in Sources */ = {isa = PBXBuildFile; fileRef = 74C5F7AC22041ACF007CA020 /* AppDelegate.swift */; };
		74C5F7AF22041ACF007CA020 /* ViewController.swift in Sources */ = {isa = PBXBuildFile; fileRef = 74C5F7AE22041ACF007CA020 /* ViewController.swift */; };
		74C5F7B222041ACF007CA020 /* Main.storyboard in Resources */ = {isa = PBXBuildFile; fileRef = 74C5F7B022041ACF007CA020 /* Main.storyboard */; };
		74C5F7B422041AD1007CA020 /* Assets.xcassets in Resources */ = {isa = PBXBuildFile; fileRef = 74C5F7B322041AD1007CA020 /* Assets.xcassets */; };
		74C5F7B722041AD1007CA020 /* LaunchScreen.storyboard in Resources */ = {isa = PBXBuildFile; fileRef = 74C5F7B522041AD1007CA020 /* LaunchScreen.storyboard */; };
		74C5F7C222041AD1007CA020 /* DeviceDiagnosticAppTests.swift in Sources */ = {isa = PBXBuildFile; fileRef = 74C5F7C122041AD1007CA020 /* DeviceDiagnosticAppTests.swift */; };
		74C5F7CD2204221E007CA020 /* BluetoothViewController.swift in Sources */ = {isa = PBXBuildFile; fileRef = 74C5F7CC2204221E007CA020 /* BluetoothViewController.swift */; };
		74C5F7CE2204221E007CA020 /* BluetoothViewController.swift in Sources */ = {isa = PBXBuildFile; fileRef = 74C5F7CC2204221E007CA020 /* BluetoothViewController.swift */; };
		74C5F7D022044717007CA020 /* SensorViewController.swift in Sources */ = {isa = PBXBuildFile; fileRef = 74C5F7CF22044717007CA020 /* SensorViewController.swift */; };
		74C5F7D122044717007CA020 /* SensorViewController.swift in Sources */ = {isa = PBXBuildFile; fileRef = 74C5F7CF22044717007CA020 /* SensorViewController.swift */; };
		74C5F7D322044726007CA020 /* SpeakerViewController.swift in Sources */ = {isa = PBXBuildFile; fileRef = 74C5F7D222044726007CA020 /* SpeakerViewController.swift */; };
		74C5F7D422044726007CA020 /* SpeakerViewController.swift in Sources */ = {isa = PBXBuildFile; fileRef = 74C5F7D222044726007CA020 /* SpeakerViewController.swift */; };
		74C5F7D622044730007CA020 /* MicViewController.swift in Sources */ = {isa = PBXBuildFile; fileRef = 74C5F7D522044730007CA020 /* MicViewController.swift */; };
		74C5F7D722044730007CA020 /* MicViewController.swift in Sources */ = {isa = PBXBuildFile; fileRef = 74C5F7D522044730007CA020 /* MicViewController.swift */; };
		74C5F7D922044A93007CA020 /* test.mp3 in Resources */ = {isa = PBXBuildFile; fileRef = 74C5F7D822044A93007CA020 /* test.mp3 */; };
		74E80845220E079C00E5CB54 /* ViewController.swift in Sources */ = {isa = PBXBuildFile; fileRef = 74C5F7AE22041ACF007CA020 /* ViewController.swift */; };
/* End PBXBuildFile section */

/* Begin PBXContainerItemProxy section */
		74C5F7BE22041AD1007CA020 /* PBXContainerItemProxy */ = {
			isa = PBXContainerItemProxy;
			containerPortal = 74C5F7A122041ACF007CA020 /* Project object */;
			proxyType = 1;
			remoteGlobalIDString = 74C5F7A822041ACF007CA020;
			remoteInfo = DeviceDiagnosticApp;
		};
/* End PBXContainerItemProxy section */

/* Begin PBXFileReference section */
		74A1ACD5220B7322006C8836 /* CollectionCell.swift */ = {isa = PBXFileReference; lastKnownFileType = sourcecode.swift; path = CollectionCell.swift; sourceTree = "<group>"; };
		74C5F7A922041ACF007CA020 /* DeviceDiagnosticApp.app */ = {isa = PBXFileReference; explicitFileType = wrapper.application; includeInIndex = 0; path = DeviceDiagnosticApp.app; sourceTree = BUILT_PRODUCTS_DIR; };
		74C5F7AC22041ACF007CA020 /* AppDelegate.swift */ = {isa = PBXFileReference; lastKnownFileType = sourcecode.swift; path = AppDelegate.swift; sourceTree = "<group>"; };
		74C5F7AE22041ACF007CA020 /* ViewController.swift */ = {isa = PBXFileReference; lastKnownFileType = sourcecode.swift; path = ViewController.swift; sourceTree = "<group>"; };
		74C5F7B122041ACF007CA020 /* Base */ = {isa = PBXFileReference; lastKnownFileType = file.storyboard; name = Base; path = Base.lproj/Main.storyboard; sourceTree = "<group>"; };
		74C5F7B322041AD1007CA020 /* Assets.xcassets */ = {isa = PBXFileReference; lastKnownFileType = folder.assetcatalog; path = Assets.xcassets; sourceTree = "<group>"; };
		74C5F7B622041AD1007CA020 /* Base */ = {isa = PBXFileReference; lastKnownFileType = file.storyboard; name = Base; path = Base.lproj/LaunchScreen.storyboard; sourceTree = "<group>"; };
		74C5F7B822041AD1007CA020 /* Info.plist */ = {isa = PBXFileReference; lastKnownFileType = text.plist.xml; path = Info.plist; sourceTree = "<group>"; };
		74C5F7BD22041AD1007CA020 /* DeviceDiagnosticAppTests.xctest */ = {isa = PBXFileReference; explicitFileType = wrapper.cfbundle; includeInIndex = 0; path = DeviceDiagnosticAppTests.xctest; sourceTree = BUILT_PRODUCTS_DIR; };
		74C5F7C122041AD1007CA020 /* DeviceDiagnosticAppTests.swift */ = {isa = PBXFileReference; lastKnownFileType = sourcecode.swift; path = DeviceDiagnosticAppTests.swift; sourceTree = "<group>"; };
		74C5F7C322041AD1007CA020 /* Info.plist */ = {isa = PBXFileReference; lastKnownFileType = text.plist.xml; path = Info.plist; sourceTree = "<group>"; };
		74C5F7CC2204221E007CA020 /* BluetoothViewController.swift */ = {isa = PBXFileReference; lastKnownFileType = sourcecode.swift; path = BluetoothViewController.swift; sourceTree = "<group>"; };
		74C5F7CF22044717007CA020 /* SensorViewController.swift */ = {isa = PBXFileReference; lastKnownFileType = sourcecode.swift; path = SensorViewController.swift; sourceTree = "<group>"; };
		74C5F7D222044726007CA020 /* SpeakerViewController.swift */ = {isa = PBXFileReference; lastKnownFileType = sourcecode.swift; path = SpeakerViewController.swift; sourceTree = "<group>"; };
		74C5F7D522044730007CA020 /* MicViewController.swift */ = {isa = PBXFileReference; lastKnownFileType = sourcecode.swift; path = MicViewController.swift; sourceTree = "<group>"; };
		74C5F7D822044A93007CA020 /* test.mp3 */ = {isa = PBXFileReference; lastKnownFileType = audio.mp3; path = test.mp3; sourceTree = "<group>"; };
/* End PBXFileReference section */

/* Begin PBXFrameworksBuildPhase section */
		74C5F7A622041ACF007CA020 /* Frameworks */ = {
			isa = PBXFrameworksBuildPhase;
			buildActionMask = 2147483647;
			files = (
			);
			runOnlyForDeploymentPostprocessing = 0;
		};
		74C5F7BA22041AD1007CA020 /* Frameworks */ = {
			isa = PBXFrameworksBuildPhase;
			buildActionMask = 2147483647;
			files = (
			);
			runOnlyForDeploymentPostprocessing = 0;
		};
/* End PBXFrameworksBuildPhase section */

/* Begin PBXGroup section */
		74A1ACD1220B727B006C8836 /* View */ = {
			isa = PBXGroup;
			children = (
				74C5F7B022041ACF007CA020 /* Main.storyboard */,
				74C5F7B522041AD1007CA020 /* LaunchScreen.storyboard */,
			);
			path = View;
			sourceTree = "<group>";
		};
		74A1ACD2220B728A006C8836 /* Controller */ = {
			isa = PBXGroup;
			children = (
				74C5F7AC22041ACF007CA020 /* AppDelegate.swift */,
				74C5F7AE22041ACF007CA020 /* ViewController.swift */,
				74C5F7CF22044717007CA020 /* SensorViewController.swift */,
				74C5F7D222044726007CA020 /* SpeakerViewController.swift */,
				74C5F7D522044730007CA020 /* MicViewController.swift */,
				74C5F7CC2204221E007CA020 /* BluetoothViewController.swift */,
			);
			path = Controller;
			sourceTree = "<group>";
		};
		74A1ACD3220B7290006C8836 /* Model */ = {
			isa = PBXGroup;
			children = (
				74A1ACD5220B7322006C8836 /* CollectionCell.swift */,
			);
			path = Model;
			sourceTree = "<group>";
		};
		74A1ACD4220B72AD006C8836 /* Resources */ = {
			isa = PBXGroup;
			children = (
				74C5F7B322041AD1007CA020 /* Assets.xcassets */,
				74C5F7B822041AD1007CA020 /* Info.plist */,
			);
			path = Resources;
			sourceTree = "<group>";
		};
		74C5F7A022041ACF007CA020 = {
			isa = PBXGroup;
			children = (
				74C5F7D822044A93007CA020 /* test.mp3 */,
				74C5F7AB22041ACF007CA020 /* DeviceDiagnosticApp */,
				74C5F7C022041AD1007CA020 /* DeviceDiagnosticAppTests */,
				74C5F7AA22041ACF007CA020 /* Products */,
			);
			sourceTree = "<group>";
		};
		74C5F7AA22041ACF007CA020 /* Products */ = {
			isa = PBXGroup;
			children = (
				74C5F7A922041ACF007CA020 /* DeviceDiagnosticApp.app */,
				74C5F7BD22041AD1007CA020 /* DeviceDiagnosticAppTests.xctest */,
			);
			name = Products;
			sourceTree = "<group>";
		};
		74C5F7AB22041ACF007CA020 /* DeviceDiagnosticApp */ = {
			isa = PBXGroup;
			children = (
				74A1ACD4220B72AD006C8836 /* Resources */,
				74A1ACD3220B7290006C8836 /* Model */,
				74A1ACD1220B727B006C8836 /* View */,
				74A1ACD2220B728A006C8836 /* Controller */,
			);
			path = DeviceDiagnosticApp;
			sourceTree = "<group>";
		};
		74C5F7C022041AD1007CA020 /* DeviceDiagnosticAppTests */ = {
			isa = PBXGroup;
			children = (
				74C5F7C122041AD1007CA020 /* DeviceDiagnosticAppTests.swift */,
				74C5F7C322041AD1007CA020 /* Info.plist */,
			);
			path = DeviceDiagnosticAppTests;
			sourceTree = "<group>";
		};
/* End PBXGroup section */

/* Begin PBXNativeTarget section */
		74C5F7A822041ACF007CA020 /* DeviceDiagnosticApp */ = {
			isa = PBXNativeTarget;
			buildConfigurationList = 74C5F7C622041AD1007CA020 /* Build configuration list for PBXNativeTarget "DeviceDiagnosticApp" */;
			buildPhases = (
				74C5F7A522041ACF007CA020 /* Sources */,
				74C5F7A622041ACF007CA020 /* Frameworks */,
				74C5F7A722041ACF007CA020 /* Resources */,
			);
			buildRules = (
			);
			dependencies = (
			);
			name = DeviceDiagnosticApp;
			productName = DeviceDiagnosticApp;
			productReference = 74C5F7A922041ACF007CA020 /* DeviceDiagnosticApp.app */;
			productType = "com.apple.product-type.application";
		};
		74C5F7BC22041AD1007CA020 /* DeviceDiagnosticAppTests */ = {
			isa = PBXNativeTarget;
			buildConfigurationList = 74C5F7C922041AD1007CA020 /* Build configuration list for PBXNativeTarget "DeviceDiagnosticAppTests" */;
			buildPhases = (
				74C5F7B922041AD1007CA020 /* Sources */,
				74C5F7BA22041AD1007CA020 /* Frameworks */,
				74C5F7BB22041AD1007CA020 /* Resources */,
			);
			buildRules = (
			);
			dependencies = (
				74C5F7BF22041AD1007CA020 /* PBXTargetDependency */,
			);
			name = DeviceDiagnosticAppTests;
			productName = DeviceDiagnosticAppTests;
			productReference = 74C5F7BD22041AD1007CA020 /* DeviceDiagnosticAppTests.xctest */;
			productType = "com.apple.product-type.bundle.unit-test";
		};
/* End PBXNativeTarget section */

/* Begin PBXProject section */
		74C5F7A122041ACF007CA020 /* Project object */ = {
			isa = PBXProject;
			attributes = {
				LastSwiftUpdateCheck = 1010;
				LastUpgradeCheck = 1010;
				ORGANIZATIONNAME = Globallogic;
				TargetAttributes = {
					74C5F7A822041ACF007CA020 = {
						CreatedOnToolsVersion = 10.1;
					};
					74C5F7BC22041AD1007CA020 = {
						CreatedOnToolsVersion = 10.1;
						TestTargetID = 74C5F7A822041ACF007CA020;
					};
				};
			};
			buildConfigurationList = 74C5F7A422041ACF007CA020 /* Build configuration list for PBXProject "DeviceDiagnosticApp" */;
			compatibilityVersion = "Xcode 9.3";
			developmentRegion = en;
			hasScannedForEncodings = 0;
			knownRegions = (
				en,
				Base,
			);
			mainGroup = 74C5F7A022041ACF007CA020;
			productRefGroup = 74C5F7AA22041ACF007CA020 /* Products */;
			projectDirPath = "";
			projectRoot = "";
			targets = (
				74C5F7A822041ACF007CA020 /* DeviceDiagnosticApp */,
				74C5F7BC22041AD1007CA020 /* DeviceDiagnosticAppTests */,
			);
		};
/* End PBXProject section */

/* Begin PBXResourcesBuildPhase section */
		74C5F7A722041ACF007CA020 /* Resources */ = {
			isa = PBXResourcesBuildPhase;
			buildActionMask = 2147483647;
			files = (
				74C5F7D922044A93007CA020 /* test.mp3 in Resources */,
				74C5F7B722041AD1007CA020 /* LaunchScreen.storyboard in Resources */,
				74C5F7B422041AD1007CA020 /* Assets.xcassets in Resources */,
				74C5F7B222041ACF007CA020 /* Main.storyboard in Resources */,
			);
			runOnlyForDeploymentPostprocessing = 0;
		};
		74C5F7BB22041AD1007CA020 /* Resources */ = {
			isa = PBXResourcesBuildPhase;
			buildActionMask = 2147483647;
			files = (
			);
			runOnlyForDeploymentPostprocessing = 0;
		};
/* End PBXResourcesBuildPhase section */

/* Begin PBXSourcesBuildPhase section */
		74C5F7A522041ACF007CA020 /* Sources */ = {
			isa = PBXSourcesBuildPhase;
			buildActionMask = 2147483647;
			files = (
				74C5F7D322044726007CA020 /* SpeakerViewController.swift in Sources */,
				74C5F7CD2204221E007CA020 /* BluetoothViewController.swift in Sources */,
				74C5F7D622044730007CA020 /* MicViewController.swift in Sources */,
				74C5F7AF22041ACF007CA020 /* ViewController.swift in Sources */,
				74A1ACD6220B7322006C8836 /* CollectionCell.swift in Sources */,
				74C5F7D022044717007CA020 /* SensorViewController.swift in Sources */,
				74C5F7AD22041ACF007CA020 /* AppDelegate.swift in Sources */,
			);
			runOnlyForDeploymentPostprocessing = 0;
		};
		74C5F7B922041AD1007CA020 /* Sources */ = {
			isa = PBXSourcesBuildPhase;
			buildActionMask = 2147483647;
			files = (
				74C5F7D422044726007CA020 /* SpeakerViewController.swift in Sources */,
				74C5F7C222041AD1007CA020 /* DeviceDiagnosticAppTests.swift in Sources */,
				74C5F7CE2204221E007CA020 /* BluetoothViewController.swift in Sources */,
				74C5F7D722044730007CA020 /* MicViewController.swift in Sources */,
				74E80845220E079C00E5CB54 /* ViewController.swift in Sources */,
				74C5F7D122044717007CA020 /* SensorViewController.swift in Sources */,
				74A1ACD7220B7322006C8836 /* CollectionCell.swift in Sources */,
			);
			runOnlyForDeploymentPostprocessing = 0;
		};
/* End PBXSourcesBuildPhase section */

/* Begin PBXTargetDependency section */
		74C5F7BF22041AD1007CA020 /* PBXTargetDependency */ = {
			isa = PBXTargetDependency;
			target = 74C5F7A822041ACF007CA020 /* DeviceDiagnosticApp */;
			targetProxy = 74C5F7BE22041AD1007CA020 /* PBXContainerItemProxy */;
		};
/* End PBXTargetDependency section */

/* Begin PBXVariantGroup section */
		74C5F7B022041ACF007CA020 /* Main.storyboard */ = {
			isa = PBXVariantGroup;
			children = (
				74C5F7B122041ACF007CA020 /* Base */,
			);
			name = Main.storyboard;
			sourceTree = "<group>";
		};
		74C5F7B522041AD1007CA020 /* LaunchScreen.storyboard */ = {
			isa = PBXVariantGroup;
			children = (
				74C5F7B622041AD1007CA020 /* Base */,
			);
			name = LaunchScreen.storyboard;
			sourceTree = "<group>";
		};
/* End PBXVariantGroup section */

/* Begin XCBuildConfiguration section */
		74C5F7C422041AD1007CA020 /* Debug */ = {
			isa = XCBuildConfiguration;
			buildSettings = {
				ALWAYS_SEARCH_USER_PATHS = NO;
				CLANG_ANALYZER_NONNULL = YES;
				CLANG_ANALYZER_NUMBER_OBJECT_CONVERSION = YES_AGGRESSIVE;
				CLANG_CXX_LANGUAGE_STANDARD = "gnu++14";
				CLANG_CXX_LIBRARY = "libc++";
				CLANG_ENABLE_MODULES = YES;
				CLANG_ENABLE_OBJC_ARC = YES;
				CLANG_ENABLE_OBJC_WEAK = YES;
				CLANG_WARN_BLOCK_CAPTURE_AUTORELEASING = YES;
				CLANG_WARN_BOOL_CONVERSION = YES;
				CLANG_WARN_COMMA = YES;
				CLANG_WARN_CONSTANT_CONVERSION = YES;
				CLANG_WARN_DEPRECATED_OBJC_IMPLEMENTATIONS = YES;
				CLANG_WARN_DIRECT_OBJC_ISA_USAGE = YES_ERROR;
				CLANG_WARN_DOCUMENTATION_COMMENTS = YES;
				CLANG_WARN_EMPTY_BODY = YES;
				CLANG_WARN_ENUM_CONVERSION = YES;
				CLANG_WARN_INFINITE_RECURSION = YES;
				CLANG_WARN_INT_CONVERSION = YES;
				CLANG_WARN_NON_LITERAL_NULL_CONVERSION = YES;
				CLANG_WARN_OBJC_IMPLICIT_RETAIN_SELF = YES;
				CLANG_WARN_OBJC_LITERAL_CONVERSION = YES;
				CLANG_WARN_OBJC_ROOT_CLASS = YES_ERROR;
				CLANG_WARN_RANGE_LOOP_ANALYSIS = YES;
				CLANG_WARN_STRICT_PROTOTYPES = YES;
				CLANG_WARN_SUSPICIOUS_MOVE = YES;
				CLANG_WARN_UNGUARDED_AVAILABILITY = YES_AGGRESSIVE;
				CLANG_WARN_UNREACHABLE_CODE = YES;
				CLANG_WARN__DUPLICATE_METHOD_MATCH = YES;
				CODE_SIGN_IDENTITY = "iPhone Developer";
				COPY_PHASE_STRIP = NO;
				DEBUG_INFORMATION_FORMAT = dwarf;
				ENABLE_STRICT_OBJC_MSGSEND = YES;
				ENABLE_TESTABILITY = YES;
				GCC_C_LANGUAGE_STANDARD = gnu11;
				GCC_DYNAMIC_NO_PIC = NO;
				GCC_NO_COMMON_BLOCKS = YES;
				GCC_OPTIMIZATION_LEVEL = 0;
				GCC_PREPROCESSOR_DEFINITIONS = (
					"DEBUG=1",
					"$(inherited)",
				);
				GCC_WARN_64_TO_32_BIT_CONVERSION = YES;
				GCC_WARN_ABOUT_RETURN_TYPE = YES_ERROR;
				GCC_WARN_UNDECLARED_SELECTOR = YES;
				GCC_WARN_UNINITIALIZED_AUTOS = YES_AGGRESSIVE;
				GCC_WARN_UNUSED_FUNCTION = YES;
				GCC_WARN_UNUSED_VARIABLE = YES;
				IPHONEOS_DEPLOYMENT_TARGET = 12.1;
				MTL_ENABLE_DEBUG_INFO = INCLUDE_SOURCE;
				MTL_FAST_MATH = YES;
				ONLY_ACTIVE_ARCH = YES;
				SDKROOT = iphoneos;
				SWIFT_ACTIVE_COMPILATION_CONDITIONS = DEBUG;
				SWIFT_OPTIMIZATION_LEVEL = "-Onone";
			};
			name = Debug;
		};
		74C5F7C522041AD1007CA020 /* Release */ = {
			isa = XCBuildConfiguration;
			buildSettings = {
				ALWAYS_SEARCH_USER_PATHS = NO;
				CLANG_ANALYZER_NONNULL = YES;
				CLANG_ANALYZER_NUMBER_OBJECT_CONVERSION = YES_AGGRESSIVE;
				CLANG_CXX_LANGUAGE_STANDARD = "gnu++14";
				CLANG_CXX_LIBRARY = "libc++";
				CLANG_ENABLE_MODULES = YES;
				CLANG_ENABLE_OBJC_ARC = YES;
				CLANG_ENABLE_OBJC_WEAK = YES;
				CLANG_WARN_BLOCK_CAPTURE_AUTORELEASING = YES;
				CLANG_WARN_BOOL_CONVERSION = YES;
				CLANG_WARN_COMMA = YES;
				CLANG_WARN_CONSTANT_CONVERSION = YES;
				CLANG_WARN_DEPRECATED_OBJC_IMPLEMENTATIONS = YES;
				CLANG_WARN_DIRECT_OBJC_ISA_USAGE = YES_ERROR;
				CLANG_WARN_DOCUMENTATION_COMMENTS = YES;
				CLANG_WARN_EMPTY_BODY = YES;
				CLANG_WARN_ENUM_CONVERSION = YES;
				CLANG_WARN_INFINITE_RECURSION = YES;
				CLANG_WARN_INT_CONVERSION = YES;
				CLANG_WARN_NON_LITERAL_NULL_CONVERSION = YES;
				CLANG_WARN_OBJC_IMPLICIT_RETAIN_SELF = YES;
				CLANG_WARN_OBJC_LITERAL_CONVERSION = YES;
				CLANG_WARN_OBJC_ROOT_CLASS = YES_ERROR;
				CLANG_WARN_RANGE_LOOP_ANALYSIS = YES;
				CLANG_WARN_STRICT_PROTOTYPES = YES;
				CLANG_WARN_SUSPICIOUS_MOVE = YES;
				CLANG_WARN_UNGUARDED_AVAILABILITY = YES_AGGRESSIVE;
				CLANG_WARN_UNREACHABLE_CODE = YES;
				CLANG_WARN__DUPLICATE_METHOD_MATCH = YES;
				CODE_SIGN_IDENTITY = "iPhone Developer";
				COPY_PHASE_STRIP = NO;
				DEBUG_INFORMATION_FORMAT = "dwarf-with-dsym";
				ENABLE_NS_ASSERTIONS = NO;
				ENABLE_STRICT_OBJC_MSGSEND = YES;
				GCC_C_LANGUAGE_STANDARD = gnu11;
				GCC_NO_COMMON_BLOCKS = YES;
				GCC_WARN_64_TO_32_BIT_CONVERSION = YES;
				GCC_WARN_ABOUT_RETURN_TYPE = YES_ERROR;
				GCC_WARN_UNDECLARED_SELECTOR = YES;
				GCC_WARN_UNINITIALIZED_AUTOS = YES_AGGRESSIVE;
				GCC_WARN_UNUSED_FUNCTION = YES;
				GCC_WARN_UNUSED_VARIABLE = YES;
				IPHONEOS_DEPLOYMENT_TARGET = 12.1;
				MTL_ENABLE_DEBUG_INFO = NO;
				MTL_FAST_MATH = YES;
				SDKROOT = iphoneos;
				SWIFT_COMPILATION_MODE = wholemodule;
				SWIFT_OPTIMIZATION_LEVEL = "-O";
				VALIDATE_PRODUCT = YES;
			};
			name = Release;
		};
		74C5F7C722041AD1007CA020 /* Debug */ = {
			isa = XCBuildConfiguration;
			buildSettings = {
				ASSETCATALOG_COMPILER_APPICON_NAME = AppIcon;
				CODE_SIGN_STYLE = Manual;
				DEVELOPMENT_TEAM = 2E92E637T7;
				INFOPLIST_FILE = "$(SRCROOT)/DeviceDiagnosticApp/Resources/Info.plist";
				IPHONEOS_DEPLOYMENT_TARGET = 12.0;
				LD_RUNPATH_SEARCH_PATHS = (
					"$(inherited)",
					"@executable_path/Frameworks",
				);
				PRODUCT_BUNDLE_IDENTIFIER = com.DeviceDiagnosticApp;
				PRODUCT_NAME = "$(TARGET_NAME)";
				PROVISIONING_PROFILE_SPECIFIER = GL_Windstream_Dev;
				SWIFT_VERSION = 4.2;
				TARGETED_DEVICE_FAMILY = "1,2";
			};
			name = Debug;
		};
		74C5F7C822041AD1007CA020 /* Release */ = {
			isa = XCBuildConfiguration;
			buildSettings = {
				ASSETCATALOG_COMPILER_APPICON_NAME = AppIcon;
				CODE_SIGN_STYLE = Manual;
				DEVELOPMENT_TEAM = 2E92E637T7;
				INFOPLIST_FILE = "$(SRCROOT)/DeviceDiagnosticApp/Resources/Info.plist";
				IPHONEOS_DEPLOYMENT_TARGET = 12.0;
				LD_RUNPATH_SEARCH_PATHS = (
					"$(inherited)",
					"@executable_path/Frameworks",
				);
				PRODUCT_BUNDLE_IDENTIFIER = com.DeviceDiagnosticApp;
				PRODUCT_NAME = "$(TARGET_NAME)";
				PROVISIONING_PROFILE_SPECIFIER = GL_Windstream_Dev;
				SWIFT_VERSION = 4.2;
				TARGETED_DEVICE_FAMILY = "1,2";
			};
			name = Release;
		};
		74C5F7CA22041AD1007CA020 /* Debug */ = {
			isa = XCBuildConfiguration;
			buildSettings = {
				ALWAYS_EMBED_SWIFT_STANDARD_LIBRARIES = YES;
				BUNDLE_LOADER = "$(TEST_HOST)";
				CODE_SIGN_STYLE = Automatic;
				INFOPLIST_FILE = DeviceDiagnosticAppTests/Info.plist;
				LD_RUNPATH_SEARCH_PATHS = (
					"$(inherited)",
					"@executable_path/Frameworks",
					"@loader_path/Frameworks",
				);
				PRODUCT_BUNDLE_IDENTIFIER = Globallogic.DeviceDiagnosticAppTests;
				PRODUCT_NAME = "$(TARGET_NAME)";
				SWIFT_VERSION = 4.2;
				TARGETED_DEVICE_FAMILY = "1,2";
				TEST_HOST = "$(BUILT_PRODUCTS_DIR)/DeviceDiagnosticApp.app/DeviceDiagnosticApp";
			};
			name = Debug;
		};
		74C5F7CB22041AD1007CA020 /* Release */ = {
			isa = XCBuildConfiguration;
			buildSettings = {
				ALWAYS_EMBED_SWIFT_STANDARD_LIBRARIES = YES;
				BUNDLE_LOADER = "$(TEST_HOST)";
				CODE_SIGN_STYLE = Automatic;
				INFOPLIST_FILE = DeviceDiagnosticAppTests/Info.plist;
				LD_RUNPATH_SEARCH_PATHS = (
					"$(inherited)",
					"@executable_path/Frameworks",
					"@loader_path/Frameworks",
				);
				PRODUCT_BUNDLE_IDENTIFIER = Globallogic.DeviceDiagnosticAppTests;
				PRODUCT_NAME = "$(TARGET_NAME)";
				SWIFT_VERSION = 4.2;
				TARGETED_DEVICE_FAMILY = "1,2";
				TEST_HOST = "$(BUILT_PRODUCTS_DIR)/DeviceDiagnosticApp.app/DeviceDiagnosticApp";
			};
			name = Release;
		};
/* End XCBuildConfiguration section */

/* Begin XCConfigurationList section */
		74C5F7A422041ACF007CA020 /* Build configuration list for PBXProject "DeviceDiagnosticApp" */ = {
			isa = XCConfigurationList;
			buildConfigurations = (
				74C5F7C422041AD1007CA020 /* Debug */,
				74C5F7C522041AD1007CA020 /* Release */,
			);
			defaultConfigurationIsVisible = 0;
			defaultConfigurationName = Release;
		};
		74C5F7C622041AD1007CA020 /* Build configuration list for PBXNativeTarget "DeviceDiagnosticApp" */ = {
			isa = XCConfigurationList;
			buildConfigurations = (
				74C5F7C722041AD1007CA020 /* Debug */,
				74C5F7C822041AD1007CA020 /* Release */,
			);
			defaultConfigurationIsVisible = 0;
			defaultConfigurationName = Release;
		};
		74C5F7C922041AD1007CA020 /* Build configuration list for PBXNativeTarget "DeviceDiagnosticAppTests" */ = {
			isa = XCConfigurationList;
			buildConfigurations = (
				74C5F7CA22041AD1007CA020 /* Debug */,
				74C5F7CB22041AD1007CA020 /* Release */,
			);
			defaultConfigurationIsVisible = 0;
			defaultConfigurationName = Release;
		};
/* End XCConfigurationList section */
	};
	rootObject = 74C5F7A122041ACF007CA020 /* Project object */;
}
